
Microsoft Visual Studio Solution File, Format Version 12.00
# Visual Studio Version 17
VisualStudioVersion = 17.8.34525.116
MinimumVisualStudioVersion = 10.0.40219.1
Project("{9A19103F-16F7-4668-BE54-9A1E7A4F7556}") = "ManagerWareHouse.DAL", "ManagerWareHouse.DAL\ManagerWareHouse.DAL.csproj", "{5A1B7FDD-2418-491F-968F-061FE03068C8}"
EndProject
Project("{9A19103F-16F7-4668-BE54-9A1E7A4F7556}") = "ManagerWareHouse.PL", "ManagerWareHouse.PL\ManagerWareHouse.PL.csproj", "{8BB08B44-A934-4B0C-ACA1-E6EF524FB3D0}"
EndProject
Project("{9A19103F-16F7-4668-BE54-9A1E7A4F7556}") = "ManagerWareHouse.BLL", "ManagerWareHouse.BLL\ManagerWareHouse.BLL.csproj", "{1AED7A2E-3E20-4561-B0FF-4F4477ED748E}"
EndProject
Global
	GlobalSection(SolutionConfigurationPlatforms) = preSolution
		Debug|Any CPU = Debug|Any CPU
		Release|Any CPU = Release|Any CPU
	EndGlobalSection
	GlobalSection(ProjectConfigurationPlatforms) = postSolution
		{5A1B7FDD-2418-491F-968F-061FE03068C8}.Debug|Any CPU.ActiveCfg = Debug|Any CPU
		{5A1B7FDD-2418-491F-968F-061FE03068C8}.Debug|Any CPU.Build.0 = Debug|Any CPU
		{5A1B7FDD-2418-491F-968F-061FE03068C8}.Release|Any CPU.ActiveCfg = Release|Any CPU
		{5A1B7FDD-2418-491F-968F-061FE03068C8}.Release|Any CPU.Build.0 = Release|Any CPU
		{8BB08B44-A934-4B0C-ACA1-E6EF524FB3D0}.Debug|Any CPU.ActiveCfg = Debug|Any CPU
		{8BB08B44-A934-4B0C-ACA1-E6EF524FB3D0}.Debug|Any CPU.Build.0 = Debug|Any CPU
		{8BB08B44-A934-4B0C-ACA1-E6EF524FB3D0}.Release|Any CPU.ActiveCfg = Release|Any CPU
		{8BB08B44-A934-4B0C-ACA1-E6EF524FB3D0}.Release|Any CPU.Build.0 = Release|Any CPU
		{1AED7A2E-3E20-4561-B0FF-4F4477ED748E}.Debug|Any CPU.ActiveCfg = Debug|Any CPU
		{1AED7A2E-3E20-4561-B0FF-4F4477ED748E}.Debug|Any CPU.Build.0 = Debug|Any CPU
		{1AED7A2E-3E20-4561-B0FF-4F4477ED748E}.Release|Any CPU.ActiveCfg = Release|Any CPU
		{1AED7A2E-3E20-4561-B0FF-4F4477ED748E}.Release|Any CPU.Build.0 = Release|Any CPU
	EndGlobalSection
	GlobalSection(SolutionProperties) = preSolution
		HideSolutionNode = FALSE
	EndGlobalSection
	GlobalSection(ExtensibilityGlobals) = postSolution
		SolutionGuid = {39CA8DFF-D69A-43F5-820B-EE2A256CBDC9}
	EndGlobalSection
EndGlobal
